
Microsoft Visual Studio Solution File, Format Version 12.00
# Visual Studio Version 16
VisualStudioVersion = 16.0.29020.237
MinimumVisualStudioVersion = 10.0.40219.1
Project("{9A19103F-16F7-4668-BE54-9A1E7A4F7556}") = "Scalastic", "Scalastic\Scalastic.csproj", "{45511550-3DEA-48DD-BA2A-02FC0D420878}"
EndProject
Project("{9A19103F-16F7-4668-BE54-9A1E7A4F7556}") = "SCL", "SCL\SCL.csproj", "{098D2462-F014-48C3-9CD4-E6875A46B652}"
EndProject
Project("{9A19103F-16F7-4668-BE54-9A1E7A4F7556}") = "DAL", "DAL\DAL.csproj", "{D4ED8B50-274F-422B-88D9-92F8C3801D29}"
EndProject
Project("{9A19103F-16F7-4668-BE54-9A1E7A4F7556}") = "Scheduler", "Scheduler\Scheduler.csproj", "{D4ED8B50-274F-422B-88D9-92F8C3801D24}"
EndProject
Global
	GlobalSection(SolutionConfigurationPlatforms) = preSolution
		Debug|Any CPU = Debug|Any CPU
		Release|Any CPU = Release|Any CPU
	EndGlobalSection
	GlobalSection(ProjectConfigurationPlatforms) = postSolution
		{45511550-3DEA-48DD-BA2A-02FC0D420878}.Debug|Any CPU.ActiveCfg = Debug|Any CPU
		{45511550-3DEA-48DD-BA2A-02FC0D420878}.Debug|Any CPU.Build.0 = Debug|Any CPU
		{45511550-3DEA-48DD-BA2A-02FC0D420878}.Release|Any CPU.ActiveCfg = Release|Any CPU
		{45511550-3DEA-48DD-BA2A-02FC0D420878}.Release|Any CPU.Build.0 = Release|Any CPU
		{098D2462-F014-48C3-9CD4-E6875A46B652}.Debug|Any CPU.ActiveCfg = Debug|Any CPU
		{098D2462-F014-48C3-9CD4-E6875A46B652}.Debug|Any CPU.Build.0 = Debug|Any CPU
		{098D2462-F014-48C3-9CD4-E6875A46B652}.Release|Any CPU.ActiveCfg = Release|Any CPU
		{098D2462-F014-48C3-9CD4-E6875A46B652}.Release|Any CPU.Build.0 = Release|Any CPU
		{D4ED8B50-274F-422B-88D9-92F8C3801D29}.Debug|Any CPU.ActiveCfg = Debug|Any CPU
		{D4ED8B50-274F-422B-88D9-92F8C3801D29}.Debug|Any CPU.Build.0 = Debug|Any CPU
		{D4ED8B50-274F-422B-88D9-92F8C3801D29}.Release|Any CPU.ActiveCfg = Release|Any CPU
		{D4ED8B50-274F-422B-88D9-92F8C3801D29}.Release|Any CPU.Build.0 = Release|Any CPU
		{D4ED8B50-274F-422B-88D9-92F8C3801D24}.Debug|Any CPU.ActiveCfg = Debug|Any CPU
		{D4ED8B50-274F-422B-88D9-92F8C3801D24}.Debug|Any CPU.Build.0 = Debug|Any CPU
		{D4ED8B50-274F-422B-88D9-92F8C3801D24}.Release|Any CPU.ActiveCfg = Release|Any CPU
		{D4ED8B50-274F-422B-88D9-92F8C3801D24}.Release|Any CPU.Build.0 = Release|Any CPU
	EndGlobalSection
	GlobalSection(SolutionProperties) = preSolution
		HideSolutionNode = FALSE
	EndGlobalSection
	GlobalSection(ExtensibilityGlobals) = postSolution
		SolutionGuid = {2C3848D0-1D3B-4E74-9C96-482AF725DCBB}
	EndGlobalSection
EndGlobal
